
Microsoft Visual Studio Solution File, Format Version 12.00
# Visual Studio Version 16
VisualStudioVersion = 16.0.30114.105
MinimumVisualStudioVersion = 10.0.40219.1
Project("{FAE04EC0-301F-11D3-BF4B-00C04F79EFBC}") = "ParseTextMetasToBinary", "ParseTextMetasToBinary\ParseTextMetasToBinary.csproj", "{6ABA7F49-593C-4D41-AAFC-7A9C176FDF5A}"
EndProject
Project("{FAE04EC0-301F-11D3-BF4B-00C04F79EFBC}") = "igRewrite8", "igRewrite8\igRewrite8.csproj", "{07D6BCA0-4CDA-4200-8869-7DB80E5541B8}"
EndProject
Project("{FAE04EC0-301F-11D3-BF4B-00C04F79EFBC}") = "igLibrary", "igLibrary\igLibrary.csproj", "{E93B988B-BEDD-4954-A28B-FB21219FBA1B}"
EndProject
Project("{FAE04EC0-301F-11D3-BF4B-00C04F79EFBC}") = "ParseTextMetasToBinary2", "ParseTextMetasToBinary2\ParseTextMetasToBinary2.csproj", "{1E32493F-EC59-4BFA-9E52-C67F18D3D3FC}"
EndProject
Global
	GlobalSection(SolutionConfigurationPlatforms) = preSolution
		Debug|Any CPU = Debug|Any CPU
		Release|Any CPU = Release|Any CPU
	EndGlobalSection
	GlobalSection(SolutionProperties) = preSolution
		HideSolutionNode = FALSE
	EndGlobalSection
	GlobalSection(ProjectConfigurationPlatforms) = postSolution
		{6ABA7F49-593C-4D41-AAFC-7A9C176FDF5A}.Debug|Any CPU.ActiveCfg = Debug|Any CPU
		{6ABA7F49-593C-4D41-AAFC-7A9C176FDF5A}.Debug|Any CPU.Build.0 = Debug|Any CPU
		{6ABA7F49-593C-4D41-AAFC-7A9C176FDF5A}.Release|Any CPU.ActiveCfg = Release|Any CPU
		{6ABA7F49-593C-4D41-AAFC-7A9C176FDF5A}.Release|Any CPU.Build.0 = Release|Any CPU
		{07D6BCA0-4CDA-4200-8869-7DB80E5541B8}.Debug|Any CPU.ActiveCfg = Debug|Any CPU
		{07D6BCA0-4CDA-4200-8869-7DB80E5541B8}.Debug|Any CPU.Build.0 = Debug|Any CPU
		{07D6BCA0-4CDA-4200-8869-7DB80E5541B8}.Release|Any CPU.ActiveCfg = Release|Any CPU
		{07D6BCA0-4CDA-4200-8869-7DB80E5541B8}.Release|Any CPU.Build.0 = Release|Any CPU
		{E93B988B-BEDD-4954-A28B-FB21219FBA1B}.Debug|Any CPU.ActiveCfg = Debug|Any CPU
		{E93B988B-BEDD-4954-A28B-FB21219FBA1B}.Debug|Any CPU.Build.0 = Debug|Any CPU
		{E93B988B-BEDD-4954-A28B-FB21219FBA1B}.Release|Any CPU.ActiveCfg = Release|Any CPU
		{E93B988B-BEDD-4954-A28B-FB21219FBA1B}.Release|Any CPU.Build.0 = Release|Any CPU
		{1E32493F-EC59-4BFA-9E52-C67F18D3D3FC}.Debug|Any CPU.ActiveCfg = Debug|Any CPU
		{1E32493F-EC59-4BFA-9E52-C67F18D3D3FC}.Debug|Any CPU.Build.0 = Debug|Any CPU
		{1E32493F-EC59-4BFA-9E52-C67F18D3D3FC}.Release|Any CPU.ActiveCfg = Release|Any CPU
		{1E32493F-EC59-4BFA-9E52-C67F18D3D3FC}.Release|Any CPU.Build.0 = Release|Any CPU
	EndGlobalSection
EndGlobal
